// !$*UTF8*$!
{
	archiveVersion = 1;
	classes = {
	};
	objectVersion = 50;
	objects = {

/* Begin PBXBuildFile section */
		249921B6255E675500815FEF /* AppDelegate.swift in Sources */ = {isa = PBXBuildFile; fileRef = 249921B5255E675500815FEF /* AppDelegate.swift */; };
		249921B8255E675500815FEF /* SceneDelegate.swift in Sources */ = {isa = PBXBuildFile; fileRef = 249921B7255E675500815FEF /* SceneDelegate.swift */; };
		249921BD255E675500815FEF /* Main.storyboard in Resources */ = {isa = PBXBuildFile; fileRef = 249921BB255E675500815FEF /* Main.storyboard */; };
		249921BF255E675E00815FEF /* Assets.xcassets in Resources */ = {isa = PBXBuildFile; fileRef = 249921BE255E675E00815FEF /* Assets.xcassets */; };
		249921C2255E675E00815FEF /* LaunchScreen.storyboard in Resources */ = {isa = PBXBuildFile; fileRef = 249921C0255E675E00815FEF /* LaunchScreen.storyboard */; };
		249921CA255E682D00815FEF /* ImageGalleryCollectionViewController.swift in Sources */ = {isa = PBXBuildFile; fileRef = 249921C9255E682D00815FEF /* ImageGalleryCollectionViewController.swift */; };
		249921CC255E68DA00815FEF /* GalleriesTableViewController.swift in Sources */ = {isa = PBXBuildFile; fileRef = 249921CB255E68DA00815FEF /* GalleriesTableViewController.swift */; };
		249921CE255E695E00815FEF /* ImageCollectionViewCell.swift in Sources */ = {isa = PBXBuildFile; fileRef = 249921CD255E695E00815FEF /* ImageCollectionViewCell.swift */; };
		249921D0255E8ACB00815FEF /* Utilities.swift in Sources */ = {isa = PBXBuildFile; fileRef = 249921CF255E8ACB00815FEF /* Utilities.swift */; };
		249BAD33258C7C250024D511 /* DetailViewController.swift in Sources */ = {isa = PBXBuildFile; fileRef = 249BAD32258C7C240024D511 /* DetailViewController.swift */; };
		24DE789425B5D90700A8181D /* AddImageViewController.swift in Sources */ = {isa = PBXBuildFile; fileRef = 24DE789325B5D90600A8181D /* AddImageViewController.swift */; };
		24ED2BBC25C1A25A002AFAD4 /* ImageGalleries.swift in Sources */ = {isa = PBXBuildFile; fileRef = 24ED2BBB25C1A25A002AFAD4 /* ImageGalleries.swift */; };
		24FB2C4825A31AD000DD7A0B /* GalleriesTableViewCell.swift in Sources */ = {isa = PBXBuildFile; fileRef = 24FB2C4725A31AD000DD7A0B /* GalleriesTableViewCell.swift */; };
/* End PBXBuildFile section */

/* Begin PBXFileReference section */
		249921B2255E675500815FEF /* ImageGallery.app */ = {isa = PBXFileReference; explicitFileType = wrapper.application; includeInIndex = 0; path = ImageGallery.app; sourceTree = BUILT_PRODUCTS_DIR; };
		249921B5255E675500815FEF /* AppDelegate.swift */ = {isa = PBXFileReference; lastKnownFileType = sourcecode.swift; path = AppDelegate.swift; sourceTree = "<group>"; };
		249921B7255E675500815FEF /* SceneDelegate.swift */ = {isa = PBXFileReference; lastKnownFileType = sourcecode.swift; path = SceneDelegate.swift; sourceTree = "<group>"; };
		249921BC255E675500815FEF /* Base */ = {isa = PBXFileReference; lastKnownFileType = file.storyboard; name = Base; path = Base.lproj/Main.storyboard; sourceTree = "<group>"; };
		249921BE255E675E00815FEF /* Assets.xcassets */ = {isa = PBXFileReference; lastKnownFileType = folder.assetcatalog; path = Assets.xcassets; sourceTree = "<group>"; };
		249921C1255E675E00815FEF /* Base */ = {isa = PBXFileReference; lastKnownFileType = file.storyboard; name = Base; path = Base.lproj/LaunchScreen.storyboard; sourceTree = "<group>"; };
		249921C3255E675E00815FEF /* Info.plist */ = {isa = PBXFileReference; lastKnownFileType = text.plist.xml; path = Info.plist; sourceTree = "<group>"; };
		249921C9255E682D00815FEF /* ImageGalleryCollectionViewController.swift */ = {isa = PBXFileReference; lastKnownFileType = sourcecode.swift; path = ImageGalleryCollectionViewController.swift; sourceTree = "<group>"; };
		249921CB255E68DA00815FEF /* GalleriesTableViewController.swift */ = {isa = PBXFileReference; lastKnownFileType = sourcecode.swift; path = GalleriesTableViewController.swift; sourceTree = "<group>"; };
		249921CD255E695E00815FEF /* ImageCollectionViewCell.swift */ = {isa = PBXFileReference; lastKnownFileType = sourcecode.swift; path = ImageCollectionViewCell.swift; sourceTree = "<group>"; };
		249921CF255E8ACB00815FEF /* Utilities.swift */ = {isa = PBXFileReference; fileEncoding = 4; lastKnownFileType = sourcecode.swift; path = Utilities.swift; sourceTree = "<group>"; };
		249BAD32258C7C240024D511 /* DetailViewController.swift */ = {isa = PBXFileReference; lastKnownFileType = sourcecode.swift; path = DetailViewController.swift; sourceTree = "<group>"; };
		24DE789325B5D90600A8181D /* AddImageViewController.swift */ = {isa = PBXFileReference; lastKnownFileType = sourcecode.swift; path = AddImageViewController.swift; sourceTree = "<group>"; };
		24ED2BBB25C1A25A002AFAD4 /* ImageGalleries.swift */ = {isa = PBXFileReference; lastKnownFileType = sourcecode.swift; path = ImageGalleries.swift; sourceTree = "<group>"; };
		24FB2C4725A31AD000DD7A0B /* GalleriesTableViewCell.swift */ = {isa = PBXFileReference; lastKnownFileType = sourcecode.swift; path = GalleriesTableViewCell.swift; sourceTree = "<group>"; };
/* End PBXFileReference section */

/* Begin PBXFrameworksBuildPhase section */
		249921AF255E675500815FEF /* Frameworks */ = {
			isa = PBXFrameworksBuildPhase;
			buildActionMask = 2147483647;
			files = (
			);
			runOnlyForDeploymentPostprocessing = 0;
		};
/* End PBXFrameworksBuildPhase section */

/* Begin PBXGroup section */
		249921A9255E675500815FEF = {
			isa = PBXGroup;
			children = (
				249921B4255E675500815FEF /* ImageGallery */,
				249921B3255E675500815FEF /* Products */,
			);
			sourceTree = "<group>";
		};
		249921B3255E675500815FEF /* Products */ = {
			isa = PBXGroup;
			children = (
				249921B2255E675500815FEF /* ImageGallery.app */,
			);
			name = Products;
			sourceTree = "<group>";
		};
		249921B4255E675500815FEF /* ImageGallery */ = {
			isa = PBXGroup;
			children = (
				249921B5255E675500815FEF /* AppDelegate.swift */,
				249921B7255E675500815FEF /* SceneDelegate.swift */,
				249921CF255E8ACB00815FEF /* Utilities.swift */,
				24ED2BBB25C1A25A002AFAD4 /* ImageGalleries.swift */,
				249921CB255E68DA00815FEF /* GalleriesTableViewController.swift */,
				24FB2C4725A31AD000DD7A0B /* GalleriesTableViewCell.swift */,
				249921C9255E682D00815FEF /* ImageGalleryCollectionViewController.swift */,
				249921CD255E695E00815FEF /* ImageCollectionViewCell.swift */,
				249BAD32258C7C240024D511 /* DetailViewController.swift */,
				24DE789325B5D90600A8181D /* AddImageViewController.swift */,
				249921BB255E675500815FEF /* Main.storyboard */,
				249921BE255E675E00815FEF /* Assets.xcassets */,
				249921C0255E675E00815FEF /* LaunchScreen.storyboard */,
				249921C3255E675E00815FEF /* Info.plist */,
			);
			path = ImageGallery;
			sourceTree = "<group>";
		};
/* End PBXGroup section */

/* Begin PBXNativeTarget section */
		249921B1255E675500815FEF /* ImageGallery */ = {
			isa = PBXNativeTarget;
			buildConfigurationList = 249921C6255E675E00815FEF /* Build configuration list for PBXNativeTarget "ImageGallery" */;
			buildPhases = (
				249921AE255E675500815FEF /* Sources */,
				249921AF255E675500815FEF /* Frameworks */,
				249921B0255E675500815FEF /* Resources */,
			);
			buildRules = (
			);
			dependencies = (
			);
			name = ImageGallery;
			productName = ImageGallery;
			productReference = 249921B2255E675500815FEF /* ImageGallery.app */;
			productType = "com.apple.product-type.application";
		};
/* End PBXNativeTarget section */

/* Begin PBXProject section */
		249921AA255E675500815FEF /* Project object */ = {
			isa = PBXProject;
			attributes = {
				LastSwiftUpdateCheck = 1170;
				LastUpgradeCheck = 1220;
				ORGANIZATIONNAME = Nik;
				TargetAttributes = {
					249921B1255E675500815FEF = {
						CreatedOnToolsVersion = 11.7;
					};
				};
			};
			buildConfigurationList = 249921AD255E675500815FEF /* Build configuration list for PBXProject "ImageGallery" */;
			compatibilityVersion = "Xcode 9.3";
			developmentRegion = en;
			hasScannedForEncodings = 0;
			knownRegions = (
				en,
				Base,
			);
			mainGroup = 249921A9255E675500815FEF;
			productRefGroup = 249921B3255E675500815FEF /* Products */;
			projectDirPath = "";
			projectRoot = "";
			targets = (
				249921B1255E675500815FEF /* ImageGallery */,
			);
		};
/* End PBXProject section */

/* Begin PBXResourcesBuildPhase section */
		249921B0255E675500815FEF /* Resources */ = {
			isa = PBXResourcesBuildPhase;
			buildActionMask = 2147483647;
			files = (
				249921C2255E675E00815FEF /* LaunchScreen.storyboard in Resources */,
				249921BF255E675E00815FEF /* Assets.xcassets in Resources */,
				249921BD255E675500815FEF /* Main.storyboard in Resources */,
			);
			runOnlyForDeploymentPostprocessing = 0;
		};
/* End PBXResourcesBuildPhase section */

/* Begin PBXSourcesBuildPhase section */
		249921AE255E675500815FEF /* Sources */ = {
			isa = PBXSourcesBuildPhase;
			buildActionMask = 2147483647;
			files = (
				249921D0255E8ACB00815FEF /* Utilities.swift in Sources */,
				24DE789425B5D90700A8181D /* AddImageViewController.swift in Sources */,
				249921CC255E68DA00815FEF /* GalleriesTableViewController.swift in Sources */,
				24FB2C4825A31AD000DD7A0B /* GalleriesTableViewCell.swift in Sources */,
				24ED2BBC25C1A25A002AFAD4 /* ImageGalleries.swift in Sources */,
				249921CE255E695E00815FEF /* ImageCollectionViewCell.swift in Sources */,
				249921CA255E682D00815FEF /* ImageGalleryCollectionViewController.swift in Sources */,
				249921B6255E675500815FEF /* AppDelegate.swift in Sources */,
				249921B8255E675500815FEF /* SceneDelegate.swift in Sources */,
				249BAD33258C7C250024D511 /* DetailViewController.swift in Sources */,
			);
			runOnlyForDeploymentPostprocessing = 0;
		};
/* End PBXSourcesBuildPhase section */

/* Begin PBXVariantGroup section */
		249921BB255E675500815FEF /* Main.storyboard */ = {
			isa = PBXVariantGroup;
			children = (
				249921BC255E675500815FEF /* Base */,
			);
			name = Main.storyboard;
			sourceTree = "<group>";
		};
		249921C0255E675E00815FEF /* LaunchScreen.storyboard */ = {
			isa = PBXVariantGroup;
			children = (
				249921C1255E675E00815FEF /* Base */,
			);
			name = LaunchScreen.storyboard;
			sourceTree = "<group>";
		};
/* End PBXVariantGroup section */

/* Begin XCBuildConfiguration section */
		249921C4255E675E00815FEF /* Debug */ = {
			isa = XCBuildConfiguration;
			buildSettings = {
				ALWAYS_SEARCH_USER_PATHS = NO;
				CLANG_ANALYZER_NONNULL = YES;
				CLANG_ANALYZER_NUMBER_OBJECT_CONVERSION = YES_AGGRESSIVE;
				CLANG_CXX_LANGUAGE_STANDARD = "gnu++14";
				CLANG_CXX_LIBRARY = "libc++";
				CLANG_ENABLE_MODULES = YES;
				CLANG_ENABLE_OBJC_ARC = YES;
				CLANG_ENABLE_OBJC_WEAK = YES;
				CLANG_WARN_BLOCK_CAPTURE_AUTORELEASING = YES;
				CLANG_WARN_BOOL_CONVERSION = YES;
				CLANG_WARN_COMMA = YES;
				CLANG_WARN_CONSTANT_CONVERSION = YES;
				CLANG_WARN_DEPRECATED_OBJC_IMPLEMENTATIONS = YES;
				CLANG_WARN_DIRECT_OBJC_ISA_USAGE = YES_ERROR;
				CLANG_WARN_DOCUMENTATION_COMMENTS = YES;
				CLANG_WARN_EMPTY_BODY = YES;
				CLANG_WARN_ENUM_CONVERSION = YES;
				CLANG_WARN_INFINITE_RECURSION = YES;
				CLANG_WARN_INT_CONVERSION = YES;
				CLANG_WARN_NON_LITERAL_NULL_CONVERSION = YES;
				CLANG_WARN_OBJC_IMPLICIT_RETAIN_SELF = YES;
				CLANG_WARN_OBJC_LITERAL_CONVERSION = YES;
				CLANG_WARN_OBJC_ROOT_CLASS = YES_ERROR;
				CLANG_WARN_QUOTED_INCLUDE_IN_FRAMEWORK_HEADER = YES;
				CLANG_WARN_RANGE_LOOP_ANALYSIS = YES;
				CLANG_WARN_STRICT_PROTOTYPES = YES;
				CLANG_WARN_SUSPICIOUS_MOVE = YES;
				CLANG_WARN_UNGUARDED_AVAILABILITY = YES_AGGRESSIVE;
				CLANG_WARN_UNREACHABLE_CODE = YES;
				CLANG_WARN__DUPLICATE_METHOD_MATCH = YES;
				COPY_PHASE_STRIP = NO;
				DEBUG_INFORMATION_FORMAT = dwarf;
				ENABLE_STRICT_OBJC_MSGSEND = YES;
				ENABLE_TESTABILITY = YES;
				GCC_C_LANGUAGE_STANDARD = gnu11;
				GCC_DYNAMIC_NO_PIC = NO;
				GCC_NO_COMMON_BLOCKS = YES;
				GCC_OPTIMIZATION_LEVEL = 0;
				GCC_PREPROCESSOR_DEFINITIONS = (
					"DEBUG=1",
					"$(inherited)",
				);
				GCC_WARN_64_TO_32_BIT_CONVERSION = YES;
				GCC_WARN_ABOUT_RETURN_TYPE = YES_ERROR;
				GCC_WARN_UNDECLARED_SELECTOR = YES;
				GCC_WARN_UNINITIALIZED_AUTOS = YES_AGGRESSIVE;
				GCC_WARN_UNUSED_FUNCTION = YES;
				GCC_WARN_UNUSED_VARIABLE = YES;
				IPHONEOS_DEPLOYMENT_TARGET = 12.0;
				MTL_ENABLE_DEBUG_INFO = INCLUDE_SOURCE;
				MTL_FAST_MATH = YES;
				ONLY_ACTIVE_ARCH = YES;
				SDKROOT = iphoneos;
				SWIFT_ACTIVE_COMPILATION_CONDITIONS = DEBUG;
				SWIFT_OPTIMIZATION_LEVEL = "-Onone";
			};
			name = Debug;
		};
		249921C5255E675E00815FEF /* Release */ = {
			isa = XCBuildConfiguration;
			buildSettings = {
				ALWAYS_SEARCH_USER_PATHS = NO;
				CLANG_ANALYZER_NONNULL = YES;
				CLANG_ANALYZER_NUMBER_OBJECT_CONVERSION = YES_AGGRESSIVE;
				CLANG_CXX_LANGUAGE_STANDARD = "gnu++14";
				CLANG_CXX_LIBRARY = "libc++";
				CLANG_ENABLE_MODULES = YES;
				CLANG_ENABLE_OBJC_ARC = YES;
				CLANG_ENABLE_OBJC_WEAK = YES;
				CLANG_WARN_BLOCK_CAPTURE_AUTORELEASING = YES;
				CLANG_WARN_BOOL_CONVERSION = YES;
				CLANG_WARN_COMMA = YES;
				CLANG_WARN_CONSTANT_CONVERSION = YES;
				CLANG_WARN_DEPRECATED_OBJC_IMPLEMENTATIONS = YES;
				CLANG_WARN_DIRECT_OBJC_ISA_USAGE = YES_ERROR;
				CLANG_WARN_DOCUMENTATION_COMMENTS = YES;
				CLANG_WARN_EMPTY_BODY = YES;
				CLANG_WARN_ENUM_CONVERSION = YES;
				CLANG_WARN_INFINITE_RECURSION = YES;
				CLANG_WARN_INT_CONVERSION = YES;
				CLANG_WARN_NON_LITERAL_NULL_CONVERSION = YES;
				CLANG_WARN_OBJC_IMPLICIT_RETAIN_SELF = YES;
				CLANG_WARN_OBJC_LITERAL_CONVERSION = YES;
				CLANG_WARN_OBJC_ROOT_CLASS = YES_ERROR;
				CLANG_WARN_QUOTED_INCLUDE_IN_FRAMEWORK_HEADER = YES;
				CLANG_WARN_RANGE_LOOP_ANALYSIS = YES;
				CLANG_WARN_STRICT_PROTOTYPES = YES;
				CLANG_WARN_SUSPICIOUS_MOVE = YES;
				CLANG_WARN_UNGUARDED_AVAILABILITY = YES_AGGRESSIVE;
				CLANG_WARN_UNREACHABLE_CODE = YES;
				CLANG_WARN__DUPLICATE_METHOD_MATCH = YES;
				COPY_PHASE_STRIP = NO;
				DEBUG_INFORMATION_FORMAT = "dwarf-with-dsym";
				ENABLE_NS_ASSERTIONS = NO;
				ENABLE_STRICT_OBJC_MSGSEND = YES;
				GCC_C_LANGUAGE_STANDARD = gnu11;
				GCC_NO_COMMON_BLOCKS = YES;
				GCC_WARN_64_TO_32_BIT_CONVERSION = YES;
				GCC_WARN_ABOUT_RETURN_TYPE = YES_ERROR;
				GCC_WARN_UNDECLARED_SELECTOR = YES;
				GCC_WARN_UNINITIALIZED_AUTOS = YES_AGGRESSIVE;
				GCC_WARN_UNUSED_FUNCTION = YES;
				GCC_WARN_UNUSED_VARIABLE = YES;
				IPHONEOS_DEPLOYMENT_TARGET = 12.0;
				MTL_ENABLE_DEBUG_INFO = NO;
				MTL_FAST_MATH = YES;
				SDKROOT = iphoneos;
				SWIFT_COMPILATION_MODE = wholemodule;
				SWIFT_OPTIMIZATION_LEVEL = "-O";
				VALIDATE_PRODUCT = YES;
			};
			name = Release;
		};
		249921C7255E675E00815FEF /* Debug */ = {
			isa = XCBuildConfiguration;
			buildSettings = {
				ASSETCATALOG_COMPILER_APPICON_NAME = AppIcon;
				CODE_SIGN_STYLE = Automatic;
				DEVELOPMENT_TEAM = 72AKTAX57S;
				INFOPLIST_FILE = ImageGallery/Info.plist;
				IPHONEOS_DEPLOYMENT_TARGET = 12.0;
				LD_RUNPATH_SEARCH_PATHS = (
					"$(inherited)",
					"@executable_path/Frameworks",
				);
				PRODUCT_BUNDLE_IDENTIFIER = likils.ImageGallery;
				PRODUCT_NAME = "$(TARGET_NAME)";
				SWIFT_VERSION = 5.0;
				TARGETED_DEVICE_FAMILY = "1,2";
			};
			name = Debug;
		};
		249921C8255E675E00815FEF /* Release */ = {
			isa = XCBuildConfiguration;
			buildSettings = {
				ASSETCATALOG_COMPILER_APPICON_NAME = AppIcon;
				CODE_SIGN_STYLE = Automatic;
				DEVELOPMENT_TEAM = 72AKTAX57S;
				INFOPLIST_FILE = ImageGallery/Info.plist;
				IPHONEOS_DEPLOYMENT_TARGET = 12.0;
				LD_RUNPATH_SEARCH_PATHS = (
					"$(inherited)",
					"@executable_path/Frameworks",
				);
				PRODUCT_BUNDLE_IDENTIFIER = likils.ImageGallery;
				PRODUCT_NAME = "$(TARGET_NAME)";
				SWIFT_VERSION = 5.0;
				TARGETED_DEVICE_FAMILY = "1,2";
			};
			name = Release;
		};
/* End XCBuildConfiguration section */

/* Begin XCConfigurationList section */
		249921AD255E675500815FEF /* Build configuration list for PBXProject "ImageGallery" */ = {
			isa = XCConfigurationList;
			buildConfigurations = (
				249921C4255E675E00815FEF /* Debug */,
				249921C5255E675E00815FEF /* Release */,
			);
			defaultConfigurationIsVisible = 0;
			defaultConfigurationName = Release;
		};
		249921C6255E675E00815FEF /* Build configuration list for PBXNativeTarget "ImageGallery" */ = {
			isa = XCConfigurationList;
			buildConfigurations = (
				249921C7255E675E00815FEF /* Debug */,
				249921C8255E675E00815FEF /* Release */,
			);
			defaultConfigurationIsVisible = 0;
			defaultConfigurationName = Release;
		};
/* End XCConfigurationList section */
	};
	rootObject = 249921AA255E675500815FEF /* Project object */;
}
